
Microsoft Visual Studio Solution File, Format Version 12.00
# Visual Studio Version 17
VisualStudioVersion = 17.2.32505.173
MinimumVisualStudioVersion = 10.0.40219.1
Project("{FAE04EC0-301F-11D3-BF4B-00C04F79EFBC}") = "TravelBot", "TravelBot.csproj", "{1843B36C-A454-4FB4-B84C-827BD394E7B5}"
EndProject
Global
	GlobalSection(SolutionConfigurationPlatforms) = preSolution
		Debug|Any CPU = Debug|Any CPU
		Release|Any CPU = Release|Any CPU
	EndGlobalSection
	GlobalSection(ProjectConfigurationPlatforms) = postSolution
		{1843B36C-A454-4FB4-B84C-827BD394E7B5}.Debug|Any CPU.ActiveCfg = Debug|Any CPU
		{1843B36C-A454-4FB4-B84C-827BD394E7B5}.Debug|Any CPU.Build.0 = Debug|Any CPU
		{1843B36C-A454-4FB4-B84C-827BD394E7B5}.Release|Any CPU.ActiveCfg = Release|Any CPU
		{1843B36C-A454-4FB4-B84C-827BD394E7B5}.Release|Any CPU.Build.0 = Release|Any CPU
	EndGlobalSection
	GlobalSection(SolutionProperties) = preSolution
		HideSolutionNode = FALSE
	EndGlobalSection
	GlobalSection(ExtensibilityGlobals) = postSolution
		SolutionGuid = {A0F6D570-84D3-43F3-89A9-294B54A5DE84}
	EndGlobalSection
EndGlobal
